// !$*UTF8*$!
{
	archiveVersion = 1;
	classes = {
	};
	objectVersion = 46;
	objects = {

/* Begin PBXBuildFile section */
		0014858C177DE2EF00A04BEB /* DatePickerViewController.m in Sources */ = {isa = PBXBuildFile; fileRef = 0014858B177DE2EF00A04BEB /* DatePickerViewController.m */; };
		00148592177F316600A04BEB /* UINavigationController+Portrait.m in Sources */ = {isa = PBXBuildFile; fileRef = 00148591177F316600A04BEB /* UINavigationController+Portrait.m */; };
		001D6FD517B8DD5F00C9A548 /* AlermManager.m in Sources */ = {isa = PBXBuildFile; fileRef = 001D6FD417B8DD5F00C9A548 /* AlermManager.m */; };
		001D6FD817B8DDCE00C9A548 /* SystemValueManager.m in Sources */ = {isa = PBXBuildFile; fileRef = 001D6FD717B8DDCE00C9A548 /* SystemValueManager.m */; };
		00212BC61775B71C00224459 /* UIKit.framework in Frameworks */ = {isa = PBXBuildFile; fileRef = 00212BC51775B71C00224459 /* UIKit.framework */; };
		00212BC81775B71C00224459 /* Foundation.framework in Frameworks */ = {isa = PBXBuildFile; fileRef = 00212BC71775B71C00224459 /* Foundation.framework */; };
		00212BCA1775B71C00224459 /* CoreGraphics.framework in Frameworks */ = {isa = PBXBuildFile; fileRef = 00212BC91775B71C00224459 /* CoreGraphics.framework */; };
		00212BD01775B71C00224459 /* InfoPlist.strings in Resources */ = {isa = PBXBuildFile; fileRef = 00212BCE1775B71C00224459 /* InfoPlist.strings */; };
		00212BD21775B71C00224459 /* main.m in Sources */ = {isa = PBXBuildFile; fileRef = 00212BD11775B71C00224459 /* main.m */; };
		00212BD61775B71C00224459 /* AppDelegate.m in Sources */ = {isa = PBXBuildFile; fileRef = 00212BD51775B71C00224459 /* AppDelegate.m */; };
		00212BD81775B71C00224459 /* Default.png in Resources */ = {isa = PBXBuildFile; fileRef = 00212BD71775B71C00224459 /* Default.png */; };
		00212BDA1775B71C00224459 /* Default@2x.png in Resources */ = {isa = PBXBuildFile; fileRef = 00212BD91775B71C00224459 /* Default@2x.png */; };
		00212BDC1775B71C00224459 /* Default-568h@2x.png in Resources */ = {isa = PBXBuildFile; fileRef = 00212BDB1775B71C00224459 /* Default-568h@2x.png */; };
		00212BDF1775B71C00224459 /* MainStoryboard_iPhone.storyboard in Resources */ = {isa = PBXBuildFile; fileRef = 00212BDD1775B71C00224459 /* MainStoryboard_iPhone.storyboard */; };
		00212BE21775B71C00224459 /* MainStoryboard_iPad.storyboard in Resources */ = {isa = PBXBuildFile; fileRef = 00212BE01775B71C00224459 /* MainStoryboard_iPad.storyboard */; };
		00212BE51775B71C00224459 /* MasterViewController.m in Sources */ = {isa = PBXBuildFile; fileRef = 00212BE41775B71C00224459 /* MasterViewController.m */; };
		00212BE81775B71C00224459 /* DetailViewController.m in Sources */ = {isa = PBXBuildFile; fileRef = 00212BE71775B71C00224459 /* DetailViewController.m */; };
		00212BF01775B8A200224459 /* SubTableView.m in Sources */ = {isa = PBXBuildFile; fileRef = 00212BEF1775B8A200224459 /* SubTableView.m */; };
		00212BFB1776CA5F00224459 /* CustumCell.m in Sources */ = {isa = PBXBuildFile; fileRef = 00212BFA1776CA5F00224459 /* CustumCell.m */; };
		009A128D1789A98500294447 /* MasterCustumCell.xib in Resources */ = {isa = PBXBuildFile; fileRef = 009A128C1789A98500294447 /* MasterCustumCell.xib */; };
		009A12901789A9CD00294447 /* MasterCustumCell.m in Sources */ = {isa = PBXBuildFile; fileRef = 009A128F1789A9CD00294447 /* MasterCustumCell.m */; };
/* End PBXBuildFile section */

/* Begin PBXFileReference section */
		0014858A177DE2EF00A04BEB /* DetailViewController.h */ = {isa = PBXFileReference; fileEncoding = 4; lastKnownFileType = sourcecode.c.h; path = DetailViewController.h; sourceTree = "<group>"; };
		0014858B177DE2EF00A04BEB /* DatePickerViewController.m */ = {isa = PBXFileReference; fileEncoding = 4; lastKnownFileType = sourcecode.c.objc; path = DatePickerViewController.m; sourceTree = "<group>"; };
		00148590177F316600A04BEB /* UINavigationController+Portrait.h */ = {isa = PBXFileReference; fileEncoding = 4; lastKnownFileType = sourcecode.c.h; path = "UINavigationController+Portrait.h"; sourceTree = "<group>"; };
		00148591177F316600A04BEB /* UINavigationController+Portrait.m */ = {isa = PBXFileReference; fileEncoding = 4; lastKnownFileType = sourcecode.c.objc; path = "UINavigationController+Portrait.m"; sourceTree = "<group>"; };
		001D6FD317B8DD5F00C9A548 /* AlermManager.h */ = {isa = PBXFileReference; fileEncoding = 4; lastKnownFileType = sourcecode.c.h; path = AlermManager.h; sourceTree = "<group>"; };
		001D6FD417B8DD5F00C9A548 /* AlermManager.m */ = {isa = PBXFileReference; fileEncoding = 4; lastKnownFileType = sourcecode.c.objc; path = AlermManager.m; sourceTree = "<group>"; };
		001D6FD617B8DDCE00C9A548 /* SystemValueManager.h */ = {isa = PBXFileReference; fileEncoding = 4; lastKnownFileType = sourcecode.c.h; path = SystemValueManager.h; sourceTree = "<group>"; };
		001D6FD717B8DDCE00C9A548 /* SystemValueManager.m */ = {isa = PBXFileReference; fileEncoding = 4; lastKnownFileType = sourcecode.c.objc; path = SystemValueManager.m; sourceTree = "<group>"; };
		00212BC21775B71C00224459 /* Clock3.app */ = {isa = PBXFileReference; explicitFileType = wrapper.application; includeInIndex = 0; path = Clock3.app; sourceTree = BUILT_PRODUCTS_DIR; };
		00212BC51775B71C00224459 /* UIKit.framework */ = {isa = PBXFileReference; lastKnownFileType = wrapper.framework; name = UIKit.framework; path = System/Library/Frameworks/UIKit.framework; sourceTree = SDKROOT; };
		00212BC71775B71C00224459 /* Foundation.framework */ = {isa = PBXFileReference; lastKnownFileType = wrapper.framework; name = Foundation.framework; path = System/Library/Frameworks/Foundation.framework; sourceTree = SDKROOT; };
		00212BC91775B71C00224459 /* CoreGraphics.framework */ = {isa = PBXFileReference; lastKnownFileType = wrapper.framework; name = CoreGraphics.framework; path = System/Library/Frameworks/CoreGraphics.framework; sourceTree = SDKROOT; };
		00212BCD1775B71C00224459 /* Clock3-Info.plist */ = {isa = PBXFileReference; lastKnownFileType = text.plist.xml; path = "Clock3-Info.plist"; sourceTree = "<group>"; };
		00212BCF1775B71C00224459 /* en */ = {isa = PBXFileReference; lastKnownFileType = text.plist.strings; name = en; path = en.lproj/InfoPlist.strings; sourceTree = "<group>"; };
		00212BD11775B71C00224459 /* main.m */ = {isa = PBXFileReference; lastKnownFileType = sourcecode.c.objc; path = main.m; sourceTree = "<group>"; };
		00212BD31775B71C00224459 /* Clock3-Prefix.pch */ = {isa = PBXFileReference; lastKnownFileType = sourcecode.c.h; path = "Clock3-Prefix.pch"; sourceTree = "<group>"; };
		00212BD41775B71C00224459 /* AppDelegate.h */ = {isa = PBXFileReference; lastKnownFileType = sourcecode.c.h; path = AppDelegate.h; sourceTree = "<group>"; };
		00212BD51775B71C00224459 /* AppDelegate.m */ = {isa = PBXFileReference; lastKnownFileType = sourcecode.c.objc; path = AppDelegate.m; sourceTree = "<group>"; };
		00212BD71775B71C00224459 /* Default.png */ = {isa = PBXFileReference; lastKnownFileType = image.png; path = Default.png; sourceTree = "<group>"; };
		00212BD91775B71C00224459 /* Default@2x.png */ = {isa = PBXFileReference; lastKnownFileType = image.png; path = "Default@2x.png"; sourceTree = "<group>"; };
		00212BDB1775B71C00224459 /* Default-568h@2x.png */ = {isa = PBXFileReference; lastKnownFileType = image.png; path = "Default-568h@2x.png"; sourceTree = "<group>"; };
		00212BDE1775B71C00224459 /* en */ = {isa = PBXFileReference; lastKnownFileType = file.storyboard; name = en; path = en.lproj/MainStoryboard_iPhone.storyboard; sourceTree = "<group>"; };
		00212BE11775B71C00224459 /* en */ = {isa = PBXFileReference; lastKnownFileType = file.storyboard; name = en; path = en.lproj/MainStoryboard_iPad.storyboard; sourceTree = "<group>"; };
		00212BE31775B71C00224459 /* MasterViewController.h */ = {isa = PBXFileReference; lastKnownFileType = sourcecode.c.h; path = MasterViewController.h; sourceTree = "<group>"; };
		00212BE41775B71C00224459 /* MasterViewController.m */ = {isa = PBXFileReference; lastKnownFileType = sourcecode.c.objc; path = MasterViewController.m; sourceTree = "<group>"; };
		00212BE61775B71C00224459 /* DetailViewController.h */ = {isa = PBXFileReference; lastKnownFileType = sourcecode.c.h; path = DetailViewController.h; sourceTree = "<group>"; };
		00212BE71775B71C00224459 /* DetailViewController.m */ = {isa = PBXFileReference; lastKnownFileType = sourcecode.c.objc; path = DetailViewController.m; sourceTree = "<group>"; };
		00212BEE1775B8A200224459 /* SubTableView.h */ = {isa = PBXFileReference; fileEncoding = 4; lastKnownFileType = sourcecode.c.h; path = SubTableView.h; sourceTree = "<group>"; };
		00212BEF1775B8A200224459 /* SubTableView.m */ = {isa = PBXFileReference; fileEncoding = 4; lastKnownFileType = sourcecode.c.objc; path = SubTableView.m; sourceTree = "<group>"; };
		00212BF91776CA5F00224459 /* CustumCell.h */ = {isa = PBXFileReference; fileEncoding = 4; lastKnownFileType = sourcecode.c.h; path = CustumCell.h; sourceTree = "<group>"; };
		00212BFA1776CA5F00224459 /* CustumCell.m */ = {isa = PBXFileReference; fileEncoding = 4; lastKnownFileType = sourcecode.c.objc; path = CustumCell.m; sourceTree = "<group>"; };
		009A128C1789A98500294447 /* MasterCustumCell.xib */ = {isa = PBXFileReference; fileEncoding = 4; lastKnownFileType = file.xib; path = MasterCustumCell.xib; sourceTree = "<group>"; };
		009A128E1789A9CD00294447 /* MasterCustumCell.h */ = {isa = PBXFileReference; fileEncoding = 4; lastKnownFileType = sourcecode.c.h; path = MasterCustumCell.h; sourceTree = "<group>"; };
		009A128F1789A9CD00294447 /* MasterCustumCell.m */ = {isa = PBXFileReference; fileEncoding = 4; lastKnownFileType = sourcecode.c.objc; path = MasterCustumCell.m; sourceTree = "<group>"; };
/* End PBXFileReference section */

/* Begin PBXFrameworksBuildPhase section */
		00212BBF1775B71C00224459 /* Frameworks */ = {
			isa = PBXFrameworksBuildPhase;
			buildActionMask = 2147483647;
			files = (
				00212BC61775B71C00224459 /* UIKit.framework in Frameworks */,
				00212BC81775B71C00224459 /* Foundation.framework in Frameworks */,
				00212BCA1775B71C00224459 /* CoreGraphics.framework in Frameworks */,
			);
			runOnlyForDeploymentPostprocessing = 0;
		};
/* End PBXFrameworksBuildPhase section */

/* Begin PBXGroup section */
		00212BB91775B71C00224459 = {
			isa = PBXGroup;
			children = (
				00212BCB1775B71C00224459 /* Clock3 */,
				00212BC41775B71C00224459 /* Frameworks */,
				00212BC31775B71C00224459 /* Products */,
			);
			sourceTree = "<group>";
		};
		00212BC31775B71C00224459 /* Products */ = {
			isa = PBXGroup;
			children = (
				00212BC21775B71C00224459 /* Clock3.app */,
			);
			name = Products;
			sourceTree = "<group>";
		};
		00212BC41775B71C00224459 /* Frameworks */ = {
			isa = PBXGroup;
			children = (
				00212BC51775B71C00224459 /* UIKit.framework */,
				00212BC71775B71C00224459 /* Foundation.framework */,
				00212BC91775B71C00224459 /* CoreGraphics.framework */,
			);
			name = Frameworks;
			sourceTree = "<group>";
		};
		00212BCB1775B71C00224459 /* Clock3 */ = {
			isa = PBXGroup;
			children = (
				00212BD41775B71C00224459 /* AppDelegate.h */,
				00212BD51775B71C00224459 /* AppDelegate.m */,
				00148590177F316600A04BEB /* UINavigationController+Portrait.h */,
				00148591177F316600A04BEB /* UINavigationController+Portrait.m */,
				00212BDD1775B71C00224459 /* MainStoryboard_iPhone.storyboard */,
				00212BE01775B71C00224459 /* MainStoryboard_iPad.storyboard */,
				00212BE31775B71C00224459 /* MasterViewController.h */,
				00212BE41775B71C00224459 /* MasterViewController.m */,
				00212BE61775B71C00224459 /* DetailViewController.h */,
				00212BE71775B71C00224459 /* DetailViewController.m */,
				00212BEE1775B8A200224459 /* SubTableView.h */,
				00212BEF1775B8A200224459 /* SubTableView.m */,
				001D6FD317B8DD5F00C9A548 /* AlermManager.h */,
				001D6FD417B8DD5F00C9A548 /* AlermManager.m */,
				001D6FD617B8DDCE00C9A548 /* SystemValueManager.h */,
				001D6FD717B8DDCE00C9A548 /* SystemValueManager.m */,
				00212BCC1775B71C00224459 /* Supporting Files */,
				00212BF91776CA5F00224459 /* CustumCell.h */,
				00212BFA1776CA5F00224459 /* CustumCell.m */,
				009A128C1789A98500294447 /* MasterCustumCell.xib */,
				009A128E1789A9CD00294447 /* MasterCustumCell.h */,
				009A128F1789A9CD00294447 /* MasterCustumCell.m */,
				0014858A177DE2EF00A04BEB /* DetailViewController.h */,
				0014858B177DE2EF00A04BEB /* DatePickerViewController.m */,
			);
			path = Clock3;
			sourceTree = "<group>";
		};
		00212BCC1775B71C00224459 /* Supporting Files */ = {
			isa = PBXGroup;
			children = (
				00212BCD1775B71C00224459 /* Clock3-Info.plist */,
				00212BCE1775B71C00224459 /* InfoPlist.strings */,
				00212BD11775B71C00224459 /* main.m */,
				00212BD31775B71C00224459 /* Clock3-Prefix.pch */,
				00212BD71775B71C00224459 /* Default.png */,
				00212BD91775B71C00224459 /* Default@2x.png */,
				00212BDB1775B71C00224459 /* Default-568h@2x.png */,
			);
			name = "Supporting Files";
			sourceTree = "<group>";
		};
/* End PBXGroup section */

/* Begin PBXNativeTarget section */
		00212BC11775B71C00224459 /* Clock3 */ = {
			isa = PBXNativeTarget;
			buildConfigurationList = 00212BEB1775B71C00224459 /* Build configuration list for PBXNativeTarget "Clock3" */;
			buildPhases = (
				00212BBE1775B71C00224459 /* Sources */,
				00212BBF1775B71C00224459 /* Frameworks */,
				00212BC01775B71C00224459 /* Resources */,
			);
			buildRules = (
			);
			dependencies = (
			);
			name = Clock3;
			productName = Clock3;
			productReference = 00212BC21775B71C00224459 /* Clock3.app */;
			productType = "com.apple.product-type.application";
		};
/* End PBXNativeTarget section */

/* Begin PBXProject section */
		00212BBA1775B71C00224459 /* Project object */ = {
			isa = PBXProject;
			attributes = {
				LastUpgradeCheck = 0460;
				ORGANIZATIONNAME = "村川 孟";
			};
			buildConfigurationList = 00212BBD1775B71C00224459 /* Build configuration list for PBXProject "Clock3" */;
			compatibilityVersion = "Xcode 3.2";
			developmentRegion = English;
			hasScannedForEncodings = 0;
			knownRegions = (
				en,
			);
			mainGroup = 00212BB91775B71C00224459;
			productRefGroup = 00212BC31775B71C00224459 /* Products */;
			projectDirPath = "";
			projectRoot = "";
			targets = (
				00212BC11775B71C00224459 /* Clock3 */,
			);
		};
/* End PBXProject section */

/* Begin PBXResourcesBuildPhase section */
		00212BC01775B71C00224459 /* Resources */ = {
			isa = PBXResourcesBuildPhase;
			buildActionMask = 2147483647;
			files = (
				00212BD01775B71C00224459 /* InfoPlist.strings in Resources */,
				00212BD81775B71C00224459 /* Default.png in Resources */,
				00212BDA1775B71C00224459 /* Default@2x.png in Resources */,
				00212BDC1775B71C00224459 /* Default-568h@2x.png in Resources */,
				00212BDF1775B71C00224459 /* MainStoryboard_iPhone.storyboard in Resources */,
				00212BE21775B71C00224459 /* MainStoryboard_iPad.storyboard in Resources */,
				009A128D1789A98500294447 /* MasterCustumCell.xib in Resources */,
			);
			runOnlyForDeploymentPostprocessing = 0;
		};
/* End PBXResourcesBuildPhase section */

/* Begin PBXSourcesBuildPhase section */
		00212BBE1775B71C00224459 /* Sources */ = {
			isa = PBXSourcesBuildPhase;
			buildActionMask = 2147483647;
			files = (
				00212BD21775B71C00224459 /* main.m in Sources */,
				00212BD61775B71C00224459 /* AppDelegate.m in Sources */,
				00212BE51775B71C00224459 /* MasterViewController.m in Sources */,
				00212BE81775B71C00224459 /* DetailViewController.m in Sources */,
				00212BF01775B8A200224459 /* SubTableView.m in Sources */,
				00212BFB1776CA5F00224459 /* CustumCell.m in Sources */,
				0014858C177DE2EF00A04BEB /* DatePickerViewController.m in Sources */,
				00148592177F316600A04BEB /* UINavigationController+Portrait.m in Sources */,
				009A12901789A9CD00294447 /* MasterCustumCell.m in Sources */,
				001D6FD517B8DD5F00C9A548 /* AlermManager.m in Sources */,
				001D6FD817B8DDCE00C9A548 /* SystemValueManager.m in Sources */,
			);
			runOnlyForDeploymentPostprocessing = 0;
		};
/* End PBXSourcesBuildPhase section */

/* Begin PBXVariantGroup section */
		00212BCE1775B71C00224459 /* InfoPlist.strings */ = {
			isa = PBXVariantGroup;
			children = (
				00212BCF1775B71C00224459 /* en */,
			);
			name = InfoPlist.strings;
			sourceTree = "<group>";
		};
		00212BDD1775B71C00224459 /* MainStoryboard_iPhone.storyboard */ = {
			isa = PBXVariantGroup;
			children = (
				00212BDE1775B71C00224459 /* en */,
			);
			name = MainStoryboard_iPhone.storyboard;
			sourceTree = "<group>";
		};
		00212BE01775B71C00224459 /* MainStoryboard_iPad.storyboard */ = {
			isa = PBXVariantGroup;
			children = (
				00212BE11775B71C00224459 /* en */,
			);
			name = MainStoryboard_iPad.storyboard;
			sourceTree = "<group>";
		};
/* End PBXVariantGroup section */

/* Begin XCBuildConfiguration section */
		00212BE91775B71C00224459 /* Debug */ = {
			isa = XCBuildConfiguration;
			buildSettings = {
				ALWAYS_SEARCH_USER_PATHS = NO;
				CLANG_CXX_LANGUAGE_STANDARD = "gnu++0x";
				CLANG_CXX_LIBRARY = "libc++";
				CLANG_ENABLE_OBJC_ARC = YES;
				CLANG_WARN_CONSTANT_CONVERSION = YES;
				CLANG_WARN_EMPTY_BODY = YES;
				CLANG_WARN_ENUM_CONVERSION = YES;
				CLANG_WARN_INT_CONVERSION = YES;
				CLANG_WARN__DUPLICATE_METHOD_MATCH = YES;
				"CODE_SIGN_IDENTITY[sdk=iphoneos*]" = "iPhone Developer";
				COPY_PHASE_STRIP = NO;
				GCC_C_LANGUAGE_STANDARD = gnu99;
				GCC_DYNAMIC_NO_PIC = NO;
				GCC_OPTIMIZATION_LEVEL = 0;
				GCC_PREPROCESSOR_DEFINITIONS = (
					"DEBUG=1",
					"$(inherited)",
				);
				GCC_SYMBOLS_PRIVATE_EXTERN = NO;
				GCC_WARN_ABOUT_RETURN_TYPE = YES;
				GCC_WARN_UNINITIALIZED_AUTOS = YES;
				GCC_WARN_UNUSED_VARIABLE = YES;
				IPHONEOS_DEPLOYMENT_TARGET = 6.1;
				ONLY_ACTIVE_ARCH = YES;
				SDKROOT = iphoneos;
				TARGETED_DEVICE_FAMILY = "1,2";
			};
			name = Debug;
		};
		00212BEA1775B71C00224459 /* Release */ = {
			isa = XCBuildConfiguration;
			buildSettings = {
				ALWAYS_SEARCH_USER_PATHS = NO;
				CLANG_CXX_LANGUAGE_STANDARD = "gnu++0x";
				CLANG_CXX_LIBRARY = "libc++";
				CLANG_ENABLE_OBJC_ARC = YES;
				CLANG_WARN_CONSTANT_CONVERSION = YES;
				CLANG_WARN_EMPTY_BODY = YES;
				CLANG_WARN_ENUM_CONVERSION = YES;
				CLANG_WARN_INT_CONVERSION = YES;
				CLANG_WARN__DUPLICATE_METHOD_MATCH = YES;
				"CODE_SIGN_IDENTITY[sdk=iphoneos*]" = "iPhone Developer";
				COPY_PHASE_STRIP = YES;
				GCC_C_LANGUAGE_STANDARD = gnu99;
				GCC_WARN_ABOUT_RETURN_TYPE = YES;
				GCC_WARN_UNINITIALIZED_AUTOS = YES;
				GCC_WARN_UNUSED_VARIABLE = YES;
				IPHONEOS_DEPLOYMENT_TARGET = 6.1;
				OTHER_CFLAGS = "-DNS_BLOCK_ASSERTIONS=1";
				SDKROOT = iphoneos;
				TARGETED_DEVICE_FAMILY = "1,2";
				VALIDATE_PRODUCT = YES;
			};
			name = Release;
		};
		00212BEC1775B71C00224459 /* Debug */ = {
			isa = XCBuildConfiguration;
			buildSettings = {
				GCC_PRECOMPILE_PREFIX_HEADER = YES;
				GCC_PREFIX_HEADER = "Clock3/Clock3-Prefix.pch";
				INFOPLIST_FILE = "Clock3/Clock3-Info.plist";
				PRODUCT_NAME = "$(TARGET_NAME)";
				TARGETED_DEVICE_FAMILY = 1;
				WRAPPER_EXTENSION = app;
			};
			name = Debug;
		};
		00212BED1775B71C00224459 /* Release */ = {
			isa = XCBuildConfiguration;
			buildSettings = {
				GCC_PRECOMPILE_PREFIX_HEADER = YES;
				GCC_PREFIX_HEADER = "Clock3/Clock3-Prefix.pch";
				INFOPLIST_FILE = "Clock3/Clock3-Info.plist";
				PRODUCT_NAME = "$(TARGET_NAME)";
				TARGETED_DEVICE_FAMILY = 1;
				WRAPPER_EXTENSION = app;
			};
			name = Release;
		};
/* End XCBuildConfiguration section */

/* Begin XCConfigurationList section */
		00212BBD1775B71C00224459 /* Build configuration list for PBXProject "Clock3" */ = {
			isa = XCConfigurationList;
			buildConfigurations = (
				00212BE91775B71C00224459 /* Debug */,
				00212BEA1775B71C00224459 /* Release */,
			);
			defaultConfigurationIsVisible = 0;
			defaultConfigurationName = Release;
		};
		00212BEB1775B71C00224459 /* Build configuration list for PBXNativeTarget "Clock3" */ = {
			isa = XCConfigurationList;
			buildConfigurations = (
				00212BEC1775B71C00224459 /* Debug */,
				00212BED1775B71C00224459 /* Release */,
			);
			defaultConfigurationIsVisible = 0;
			defaultConfigurationName = Release;
		};
/* End XCConfigurationList section */
	};
	rootObject = 00212BBA1775B71C00224459 /* Project object */;
}
